
Microsoft Visual Studio Solution File, Format Version 12.00
# Visual Studio Version 16
VisualStudioVersion = 16.0.31410.357
MinimumVisualStudioVersion = 10.0.40219.1
Project("{FAE04EC0-301F-11D3-BF4B-00C04F79EFBC}") = "Donguri2021", "Donguri2021\Donguri2021.csproj", "{621FEE89-A349-4709-AD27-1020210BACEC}"
EndProject
Project("{FAE04EC0-301F-11D3-BF4B-00C04F79EFBC}") = "DbGen", "DbGen\DbGen.csproj", "{15396833-491C-43AE-872A-518906AFF056}"
EndProject
Project("{FAE04EC0-301F-11D3-BF4B-00C04F79EFBC}") = "DonguriLib", "DonguriLib\DonguriLib.csproj", "{A4E6CAC9-7205-4D1B-B935-B433BAEDCF31}"
EndProject
Global
	GlobalSection(SolutionConfigurationPlatforms) = preSolution
		Debug|Any CPU = Debug|Any CPU
		Release|Any CPU = Release|Any CPU
	EndGlobalSection
	GlobalSection(ProjectConfigurationPlatforms) = postSolution
		{621FEE89-A349-4709-AD27-1020210BACEC}.Debug|Any CPU.ActiveCfg = Debug|Any CPU
		{621FEE89-A349-4709-AD27-1020210BACEC}.Debug|Any CPU.Build.0 = Debug|Any CPU
		{621FEE89-A349-4709-AD27-1020210BACEC}.Release|Any CPU.ActiveCfg = Release|Any CPU
		{621FEE89-A349-4709-AD27-1020210BACEC}.Release|Any CPU.Build.0 = Release|Any CPU
		{15396833-491C-43AE-872A-518906AFF056}.Debug|Any CPU.ActiveCfg = Debug|Any CPU
		{15396833-491C-43AE-872A-518906AFF056}.Debug|Any CPU.Build.0 = Debug|Any CPU
		{15396833-491C-43AE-872A-518906AFF056}.Release|Any CPU.ActiveCfg = Release|Any CPU
		{15396833-491C-43AE-872A-518906AFF056}.Release|Any CPU.Build.0 = Release|Any CPU
		{A4E6CAC9-7205-4D1B-B935-B433BAEDCF31}.Debug|Any CPU.ActiveCfg = Debug|Any CPU
		{A4E6CAC9-7205-4D1B-B935-B433BAEDCF31}.Debug|Any CPU.Build.0 = Debug|Any CPU
		{A4E6CAC9-7205-4D1B-B935-B433BAEDCF31}.Release|Any CPU.ActiveCfg = Release|Any CPU
		{A4E6CAC9-7205-4D1B-B935-B433BAEDCF31}.Release|Any CPU.Build.0 = Release|Any CPU
	EndGlobalSection
	GlobalSection(SolutionProperties) = preSolution
		HideSolutionNode = FALSE
	EndGlobalSection
	GlobalSection(ExtensibilityGlobals) = postSolution
		SolutionGuid = {237086AD-010D-489C-A554-9F1BD385A38F}
	EndGlobalSection
EndGlobal
